
Microsoft Visual Studio Solution File, Format Version 12.00
Project("{FAE04EC0-301F-11D3-BF4B-00C04F79EFBC}") = "JsonApiDotNetExample", "JsonApiDotNetExample\JsonApiDotNetExample.csproj", "{EEC6F345-345F-48FA-AF77-31613E0D4E6F}"
EndProject
Global
	GlobalSection(SolutionConfigurationPlatforms) = preSolution
		Debug|Any CPU = Debug|Any CPU
		Release|Any CPU = Release|Any CPU
	EndGlobalSection
	GlobalSection(ProjectConfigurationPlatforms) = postSolution
		{EEC6F345-345F-48FA-AF77-31613E0D4E6F}.Debug|Any CPU.ActiveCfg = Debug|Any CPU
		{EEC6F345-345F-48FA-AF77-31613E0D4E6F}.Debug|Any CPU.Build.0 = Debug|Any CPU
		{EEC6F345-345F-48FA-AF77-31613E0D4E6F}.Release|Any CPU.ActiveCfg = Release|Any CPU
		{EEC6F345-345F-48FA-AF77-31613E0D4E6F}.Release|Any CPU.Build.0 = Release|Any CPU
	EndGlobalSection
EndGlobal
